
Microsoft Visual Studio Solution File, Format Version 12.00
# Visual Studio Version 17
VisualStudioVersion = 17.8.34330.188
MinimumVisualStudioVersion = 10.0.40219.1
Project("{9A19103F-16F7-4668-BE54-9A1E7A4F7556}") = "Server", "Server\Server.csproj", "{88D8ABA2-EB60-4573-91DF-9D55C25B2484}"
EndProject
Project("{9A19103F-16F7-4668-BE54-9A1E7A4F7556}") = "Common", "Common\Common\Common.csproj", "{18B90AAE-FB7C-413A-94F3-96F0666A9EF6}"
EndProject
Project("{9A19103F-16F7-4668-BE54-9A1E7A4F7556}") = "DataAccess", "DataAccess\DataAccess.csproj", "{B6D2C2AF-6937-49CE-A45B-ACE37F240F3F}"
EndProject
Global
	GlobalSection(SolutionConfigurationPlatforms) = preSolution
		Debug|Any CPU = Debug|Any CPU
		Release|Any CPU = Release|Any CPU
	EndGlobalSection
	GlobalSection(ProjectConfigurationPlatforms) = postSolution
		{88D8ABA2-EB60-4573-91DF-9D55C25B2484}.Debug|Any CPU.ActiveCfg = Debug|Any CPU
		{88D8ABA2-EB60-4573-91DF-9D55C25B2484}.Debug|Any CPU.Build.0 = Debug|Any CPU
		{88D8ABA2-EB60-4573-91DF-9D55C25B2484}.Release|Any CPU.ActiveCfg = Release|Any CPU
		{88D8ABA2-EB60-4573-91DF-9D55C25B2484}.Release|Any CPU.Build.0 = Release|Any CPU
		{18B90AAE-FB7C-413A-94F3-96F0666A9EF6}.Debug|Any CPU.ActiveCfg = Debug|Any CPU
		{18B90AAE-FB7C-413A-94F3-96F0666A9EF6}.Debug|Any CPU.Build.0 = Debug|Any CPU
		{18B90AAE-FB7C-413A-94F3-96F0666A9EF6}.Release|Any CPU.ActiveCfg = Release|Any CPU
		{18B90AAE-FB7C-413A-94F3-96F0666A9EF6}.Release|Any CPU.Build.0 = Release|Any CPU
		{B6D2C2AF-6937-49CE-A45B-ACE37F240F3F}.Debug|Any CPU.ActiveCfg = Debug|Any CPU
		{B6D2C2AF-6937-49CE-A45B-ACE37F240F3F}.Debug|Any CPU.Build.0 = Debug|Any CPU
		{B6D2C2AF-6937-49CE-A45B-ACE37F240F3F}.Release|Any CPU.ActiveCfg = Release|Any CPU
		{B6D2C2AF-6937-49CE-A45B-ACE37F240F3F}.Release|Any CPU.Build.0 = Release|Any CPU
	EndGlobalSection
	GlobalSection(SolutionProperties) = preSolution
		HideSolutionNode = FALSE
	EndGlobalSection
	GlobalSection(ExtensibilityGlobals) = postSolution
		SolutionGuid = {ADF08F11-EF9C-4431-8D42-9BB08ED4E8C2}
	EndGlobalSection
EndGlobal
